// !$*UTF8*$!
{
	archiveVersion = 1;
	classes = {
	};
	objectVersion = 51;
	objects = {

/* Begin PBXBuildFile section */
		0C282B3F24ACC8BA00417B41 /* WebKit.framework in Frameworks */ = {isa = PBXBuildFile; fileRef = 0C282B3E24ACC8BA00417B41 /* WebKit.framework */; };
		0C282B4124ACC8C900417B41 /* WebController.swift in Sources */ = {isa = PBXBuildFile; fileRef = 0C282B4024ACC8C900417B41 /* WebController.swift */; };
		0C282B4524AD030500417B41 /* SceneDelegate.swift in Sources */ = {isa = PBXBuildFile; fileRef = 0C282B4424AD030500417B41 /* SceneDelegate.swift */; };
		0CE7ACCA24AA2C4F0082B090 /* AppDelegate.swift in Sources */ = {isa = PBXBuildFile; fileRef = 0CE7ACC924AA2C4F0082B090 /* AppDelegate.swift */; };
		0CE7ACCC24AA2C4F0082B090 /* GameScene.sks in Resources */ = {isa = PBXBuildFile; fileRef = 0CE7ACCB24AA2C4F0082B090 /* GameScene.sks */; };
		0CE7ACCE24AA2C4F0082B090 /* Actions.sks in Resources */ = {isa = PBXBuildFile; fileRef = 0CE7ACCD24AA2C4F0082B090 /* Actions.sks */; };
		0CE7ACD024AA2C4F0082B090 /* GameScene.swift in Sources */ = {isa = PBXBuildFile; fileRef = 0CE7ACCF24AA2C4F0082B090 /* GameScene.swift */; };
		0CE7ACD224AA2C4F0082B090 /* GameViewController.swift in Sources */ = {isa = PBXBuildFile; fileRef = 0CE7ACD124AA2C4F0082B090 /* GameViewController.swift */; };
		0CE7ACD524AA2C4F0082B090 /* Main.storyboard in Resources */ = {isa = PBXBuildFile; fileRef = 0CE7ACD324AA2C4F0082B090 /* Main.storyboard */; };
		0CE7ACD724AA2C520082B090 /* Assets.xcassets in Resources */ = {isa = PBXBuildFile; fileRef = 0CE7ACD624AA2C520082B090 /* Assets.xcassets */; };
		0CE7ACDA24AA2C520082B090 /* LaunchScreen.storyboard in Resources */ = {isa = PBXBuildFile; fileRef = 0CE7ACD824AA2C520082B090 /* LaunchScreen.storyboard */; };
		5EAC951BD467C3EFFCD53BCD /* Pods_SpriteKitFirst.framework in Frameworks */ = {isa = PBXBuildFile; fileRef = 13EABA0B26CABB55B4FE4332 /* Pods_SpriteKitFirst.framework */; };
/* End PBXBuildFile section */

/* Begin PBXFileReference section */
		0C282B3E24ACC8BA00417B41 /* WebKit.framework */ = {isa = PBXFileReference; lastKnownFileType = wrapper.framework; name = WebKit.framework; path = System/Library/Frameworks/WebKit.framework; sourceTree = SDKROOT; };
		0C282B4024ACC8C900417B41 /* WebController.swift */ = {isa = PBXFileReference; lastKnownFileType = sourcecode.swift; path = WebController.swift; sourceTree = "<group>"; };
		0C282B4424AD030500417B41 /* SceneDelegate.swift */ = {isa = PBXFileReference; lastKnownFileType = sourcecode.swift; path = SceneDelegate.swift; sourceTree = "<group>"; };
		0CE7ACC624AA2C4F0082B090 /* SpriteKitFirst.app */ = {isa = PBXFileReference; explicitFileType = wrapper.application; includeInIndex = 0; path = SpriteKitFirst.app; sourceTree = BUILT_PRODUCTS_DIR; };
		0CE7ACC924AA2C4F0082B090 /* AppDelegate.swift */ = {isa = PBXFileReference; lastKnownFileType = sourcecode.swift; path = AppDelegate.swift; sourceTree = "<group>"; };
		0CE7ACCB24AA2C4F0082B090 /* GameScene.sks */ = {isa = PBXFileReference; lastKnownFileType = file.sks; path = GameScene.sks; sourceTree = "<group>"; };
		0CE7ACCD24AA2C4F0082B090 /* Actions.sks */ = {isa = PBXFileReference; lastKnownFileType = file.sks; path = Actions.sks; sourceTree = "<group>"; };
		0CE7ACCF24AA2C4F0082B090 /* GameScene.swift */ = {isa = PBXFileReference; lastKnownFileType = sourcecode.swift; path = GameScene.swift; sourceTree = "<group>"; };
		0CE7ACD124AA2C4F0082B090 /* GameViewController.swift */ = {isa = PBXFileReference; lastKnownFileType = sourcecode.swift; path = GameViewController.swift; sourceTree = "<group>"; };
		0CE7ACD424AA2C4F0082B090 /* Base */ = {isa = PBXFileReference; lastKnownFileType = file.storyboard; name = Base; path = Base.lproj/Main.storyboard; sourceTree = "<group>"; };
		0CE7ACD624AA2C520082B090 /* Assets.xcassets */ = {isa = PBXFileReference; lastKnownFileType = folder.assetcatalog; path = Assets.xcassets; sourceTree = "<group>"; };
		0CE7ACD924AA2C520082B090 /* Base */ = {isa = PBXFileReference; lastKnownFileType = file.storyboard; name = Base; path = Base.lproj/LaunchScreen.storyboard; sourceTree = "<group>"; };
		0CE7ACDB24AA2C520082B090 /* Info.plist */ = {isa = PBXFileReference; lastKnownFileType = text.plist.xml; path = Info.plist; sourceTree = "<group>"; };
		13EABA0B26CABB55B4FE4332 /* Pods_SpriteKitFirst.framework */ = {isa = PBXFileReference; explicitFileType = wrapper.framework; includeInIndex = 0; path = Pods_SpriteKitFirst.framework; sourceTree = BUILT_PRODUCTS_DIR; };
		32773487B392DBB01997F35F /* Pods-SpriteKitFirst.debug.xcconfig */ = {isa = PBXFileReference; includeInIndex = 1; lastKnownFileType = text.xcconfig; name = "Pods-SpriteKitFirst.debug.xcconfig"; path = "Target Support Files/Pods-SpriteKitFirst/Pods-SpriteKitFirst.debug.xcconfig"; sourceTree = "<group>"; };
		8CEB66B5B7A78092E1C30C2F /* Pods-SpriteKitFirst.release.xcconfig */ = {isa = PBXFileReference; includeInIndex = 1; lastKnownFileType = text.xcconfig; name = "Pods-SpriteKitFirst.release.xcconfig"; path = "Target Support Files/Pods-SpriteKitFirst/Pods-SpriteKitFirst.release.xcconfig"; sourceTree = "<group>"; };
/* End PBXFileReference section */

/* Begin PBXFrameworksBuildPhase section */
		0CE7ACC324AA2C4F0082B090 /* Frameworks */ = {
			isa = PBXFrameworksBuildPhase;
			buildActionMask = 2147483647;
			files = (
				0C282B3F24ACC8BA00417B41 /* WebKit.framework in Frameworks */,
				5EAC951BD467C3EFFCD53BCD /* Pods_SpriteKitFirst.framework in Frameworks */,
			);
			runOnlyForDeploymentPostprocessing = 0;
		};
/* End PBXFrameworksBuildPhase section */

/* Begin PBXGroup section */
		0C282B3D24ACC8BA00417B41 /* Frameworks */ = {
			isa = PBXGroup;
			children = (
				0C282B3E24ACC8BA00417B41 /* WebKit.framework */,
				13EABA0B26CABB55B4FE4332 /* Pods_SpriteKitFirst.framework */,
			);
			name = Frameworks;
			sourceTree = "<group>";
		};
		0CE7ACBD24AA2C4F0082B090 = {
			isa = PBXGroup;
			children = (
				0CE7ACC824AA2C4F0082B090 /* SpriteKitFirst */,
				0CE7ACC724AA2C4F0082B090 /* Products */,
				0C282B3D24ACC8BA00417B41 /* Frameworks */,
				877BE68224C0EDA13735E0F8 /* Pods */,
			);
			sourceTree = "<group>";
		};
		0CE7ACC724AA2C4F0082B090 /* Products */ = {
			isa = PBXGroup;
			children = (
				0CE7ACC624AA2C4F0082B090 /* SpriteKitFirst.app */,
			);
			name = Products;
			sourceTree = "<group>";
		};
		0CE7ACC824AA2C4F0082B090 /* SpriteKitFirst */ = {
			isa = PBXGroup;
			children = (
				0CE7ACC924AA2C4F0082B090 /* AppDelegate.swift */,
				0C282B4424AD030500417B41 /* SceneDelegate.swift */,
				0CE7ACCB24AA2C4F0082B090 /* GameScene.sks */,
				0CE7ACCD24AA2C4F0082B090 /* Actions.sks */,
				0CE7ACCF24AA2C4F0082B090 /* GameScene.swift */,
				0CE7ACD124AA2C4F0082B090 /* GameViewController.swift */,
				0C282B4024ACC8C900417B41 /* WebController.swift */,
				0CE7ACD324AA2C4F0082B090 /* Main.storyboard */,
				0CE7ACD624AA2C520082B090 /* Assets.xcassets */,
				0CE7ACD824AA2C520082B090 /* LaunchScreen.storyboard */,
				0CE7ACDB24AA2C520082B090 /* Info.plist */,
			);
			path = SpriteKitFirst;
			sourceTree = "<group>";
		};
		877BE68224C0EDA13735E0F8 /* Pods */ = {
			isa = PBXGroup;
			children = (
				32773487B392DBB01997F35F /* Pods-SpriteKitFirst.debug.xcconfig */,
				8CEB66B5B7A78092E1C30C2F /* Pods-SpriteKitFirst.release.xcconfig */,
			);
			path = Pods;
			sourceTree = "<group>";
		};
/* End PBXGroup section */

/* Begin PBXNativeTarget section */
		0CE7ACC524AA2C4F0082B090 /* SpriteKitFirst */ = {
			isa = PBXNativeTarget;
			buildConfigurationList = 0CE7ACDE24AA2C520082B090 /* Build configuration list for PBXNativeTarget "SpriteKitFirst" */;
			buildPhases = (
				F6766301A106E4F6CCA62286 /* [CP] Check Pods Manifest.lock */,
				0CE7ACC224AA2C4F0082B090 /* Sources */,
				0CE7ACC324AA2C4F0082B090 /* Frameworks */,
				0CE7ACC424AA2C4F0082B090 /* Resources */,
				EDA3276BB4014BCDADE2D73F /* [CP] Embed Pods Frameworks */,
			);
			buildRules = (
			);
			dependencies = (
			);
			name = SpriteKitFirst;
			productName = SpriteKitFirst;
			productReference = 0CE7ACC624AA2C4F0082B090 /* SpriteKitFirst.app */;
			productType = "com.apple.product-type.application";
		};
/* End PBXNativeTarget section */

/* Begin PBXProject section */
		0CE7ACBE24AA2C4F0082B090 /* Project object */ = {
			isa = PBXProject;
			attributes = {
				LastSwiftUpdateCheck = 1150;
				LastUpgradeCheck = 1150;
				ORGANIZATIONNAME = "Roman Monakhov";
				TargetAttributes = {
					0CE7ACC524AA2C4F0082B090 = {
						CreatedOnToolsVersion = 11.5;
					};
				};
			};
			buildConfigurationList = 0CE7ACC124AA2C4F0082B090 /* Build configuration list for PBXProject "SpriteKitFirst" */;
			compatibilityVersion = "Xcode 9.3";
			developmentRegion = en;
			hasScannedForEncodings = 0;
			knownRegions = (
				en,
				Base,
			);
			mainGroup = 0CE7ACBD24AA2C4F0082B090;
			productRefGroup = 0CE7ACC724AA2C4F0082B090 /* Products */;
			projectDirPath = "";
			projectRoot = "";
			targets = (
				0CE7ACC524AA2C4F0082B090 /* SpriteKitFirst */,
			);
		};
/* End PBXProject section */

/* Begin PBXResourcesBuildPhase section */
		0CE7ACC424AA2C4F0082B090 /* Resources */ = {
			isa = PBXResourcesBuildPhase;
			buildActionMask = 2147483647;
			files = (
				0CE7ACD524AA2C4F0082B090 /* Main.storyboard in Resources */,
				0CE7ACCC24AA2C4F0082B090 /* GameScene.sks in Resources */,
				0CE7ACD724AA2C520082B090 /* Assets.xcassets in Resources */,
				0CE7ACDA24AA2C520082B090 /* LaunchScreen.storyboard in Resources */,
				0CE7ACCE24AA2C4F0082B090 /* Actions.sks in Resources */,
			);
			runOnlyForDeploymentPostprocessing = 0;
		};
/* End PBXResourcesBuildPhase section */

/* Begin PBXShellScriptBuildPhase section */
		EDA3276BB4014BCDADE2D73F /* [CP] Embed Pods Frameworks */ = {
			isa = PBXShellScriptBuildPhase;
			buildActionMask = 2147483647;
			files = (
			);
			inputFileListPaths = (
				"${PODS_ROOT}/Target Support Files/Pods-SpriteKitFirst/Pods-SpriteKitFirst-frameworks-${CONFIGURATION}-input-files.xcfilelist",
			);
			name = "[CP] Embed Pods Frameworks";
			outputFileListPaths = (
				"${PODS_ROOT}/Target Support Files/Pods-SpriteKitFirst/Pods-SpriteKitFirst-frameworks-${CONFIGURATION}-output-files.xcfilelist",
			);
			runOnlyForDeploymentPostprocessing = 0;
			shellPath = /bin/sh;
			shellScript = "\"${PODS_ROOT}/Target Support Files/Pods-SpriteKitFirst/Pods-SpriteKitFirst-frameworks.sh\"\n";
			showEnvVarsInLog = 0;
		};
		F6766301A106E4F6CCA62286 /* [CP] Check Pods Manifest.lock */ = {
			isa = PBXShellScriptBuildPhase;
			buildActionMask = 2147483647;
			files = (
			);
			inputFileListPaths = (
			);
			inputPaths = (
				"${PODS_PODFILE_DIR_PATH}/Podfile.lock",
				"${PODS_ROOT}/Manifest.lock",
			);
			name = "[CP] Check Pods Manifest.lock";
			outputFileListPaths = (
			);
			outputPaths = (
				"$(DERIVED_FILE_DIR)/Pods-SpriteKitFirst-checkManifestLockResult.txt",
			);
			runOnlyForDeploymentPostprocessing = 0;
			shellPath = /bin/sh;
			shellScript = "diff \"${PODS_PODFILE_DIR_PATH}/Podfile.lock\" \"${PODS_ROOT}/Manifest.lock\" > /dev/null\nif [ $? != 0 ] ; then\n    # print error to STDERR\n    echo \"error: The sandbox is not in sync with the Podfile.lock. Run 'pod install' or update your CocoaPods installation.\" >&2\n    exit 1\nfi\n# This output is used by Xcode 'outputs' to avoid re-running this script phase.\necho \"SUCCESS\" > \"${SCRIPT_OUTPUT_FILE_0}\"\n";
			showEnvVarsInLog = 0;
		};
/* End PBXShellScriptBuildPhase section */

/* Begin PBXSourcesBuildPhase section */
		0CE7ACC224AA2C4F0082B090 /* Sources */ = {
			isa = PBXSourcesBuildPhase;
			buildActionMask = 2147483647;
			files = (
				0C282B4124ACC8C900417B41 /* WebController.swift in Sources */,
				0CE7ACD024AA2C4F0082B090 /* GameScene.swift in Sources */,
				0CE7ACD224AA2C4F0082B090 /* GameViewController.swift in Sources */,
				0CE7ACCA24AA2C4F0082B090 /* AppDelegate.swift in Sources */,
				0C282B4524AD030500417B41 /* SceneDelegate.swift in Sources */,
			);
			runOnlyForDeploymentPostprocessing = 0;
		};
/* End PBXSourcesBuildPhase section */

/* Begin PBXVariantGroup section */
		0CE7ACD324AA2C4F0082B090 /* Main.storyboard */ = {
			isa = PBXVariantGroup;
			children = (
				0CE7ACD424AA2C4F0082B090 /* Base */,
			);
			name = Main.storyboard;
			sourceTree = "<group>";
		};
		0CE7ACD824AA2C520082B090 /* LaunchScreen.storyboard */ = {
			isa = PBXVariantGroup;
			children = (
				0CE7ACD924AA2C520082B090 /* Base */,
			);
			name = LaunchScreen.storyboard;
			sourceTree = "<group>";
		};
/* End PBXVariantGroup section */

/* Begin XCBuildConfiguration section */
		0CE7ACDC24AA2C520082B090 /* Debug */ = {
			isa = XCBuildConfiguration;
			buildSettings = {
				ALWAYS_SEARCH_USER_PATHS = NO;
				CLANG_ANALYZER_NONNULL = YES;
				CLANG_ANALYZER_NUMBER_OBJECT_CONVERSION = YES_AGGRESSIVE;
				CLANG_CXX_LANGUAGE_STANDARD = "gnu++14";
				CLANG_CXX_LIBRARY = "libc++";
				CLANG_ENABLE_MODULES = YES;
				CLANG_ENABLE_OBJC_ARC = YES;
				CLANG_ENABLE_OBJC_WEAK = YES;
				CLANG_WARN_BLOCK_CAPTURE_AUTORELEASING = YES;
				CLANG_WARN_BOOL_CONVERSION = YES;
				CLANG_WARN_COMMA = YES;
				CLANG_WARN_CONSTANT_CONVERSION = YES;
				CLANG_WARN_DEPRECATED_OBJC_IMPLEMENTATIONS = YES;
				CLANG_WARN_DIRECT_OBJC_ISA_USAGE = YES_ERROR;
				CLANG_WARN_DOCUMENTATION_COMMENTS = YES;
				CLANG_WARN_EMPTY_BODY = YES;
				CLANG_WARN_ENUM_CONVERSION = YES;
				CLANG_WARN_INFINITE_RECURSION = YES;
				CLANG_WARN_INT_CONVERSION = YES;
				CLANG_WARN_NON_LITERAL_NULL_CONVERSION = YES;
				CLANG_WARN_OBJC_IMPLICIT_RETAIN_SELF = YES;
				CLANG_WARN_OBJC_LITERAL_CONVERSION = YES;
				CLANG_WARN_OBJC_ROOT_CLASS = YES_ERROR;
				CLANG_WARN_RANGE_LOOP_ANALYSIS = YES;
				CLANG_WARN_STRICT_PROTOTYPES = YES;
				CLANG_WARN_SUSPICIOUS_MOVE = YES;
				CLANG_WARN_UNGUARDED_AVAILABILITY = YES_AGGRESSIVE;
				CLANG_WARN_UNREACHABLE_CODE = YES;
				CLANG_WARN__DUPLICATE_METHOD_MATCH = YES;
				COPY_PHASE_STRIP = NO;
				DEBUG_INFORMATION_FORMAT = dwarf;
				ENABLE_STRICT_OBJC_MSGSEND = YES;
				ENABLE_TESTABILITY = YES;
				GCC_C_LANGUAGE_STANDARD = gnu11;
				GCC_DYNAMIC_NO_PIC = NO;
				GCC_NO_COMMON_BLOCKS = YES;
				GCC_OPTIMIZATION_LEVEL = 0;
				GCC_PREPROCESSOR_DEFINITIONS = (
					"DEBUG=1",
					"$(inherited)",
				);
				GCC_WARN_64_TO_32_BIT_CONVERSION = YES;
				GCC_WARN_ABOUT_RETURN_TYPE = YES_ERROR;
				GCC_WARN_UNDECLARED_SELECTOR = YES;
				GCC_WARN_UNINITIALIZED_AUTOS = YES_AGGRESSIVE;
				GCC_WARN_UNUSED_FUNCTION = YES;
				GCC_WARN_UNUSED_VARIABLE = YES;
				IPHONEOS_DEPLOYMENT_TARGET = 13.5;
				MTL_ENABLE_DEBUG_INFO = INCLUDE_SOURCE;
				MTL_FAST_MATH = YES;
				ONLY_ACTIVE_ARCH = YES;
				SDKROOT = iphoneos;
				SWIFT_ACTIVE_COMPILATION_CONDITIONS = DEBUG;
				SWIFT_OPTIMIZATION_LEVEL = "-Onone";
			};
			name = Debug;
		};
		0CE7ACDD24AA2C520082B090 /* Release */ = {
			isa = XCBuildConfiguration;
			buildSettings = {
				ALWAYS_SEARCH_USER_PATHS = NO;
				CLANG_ANALYZER_NONNULL = YES;
				CLANG_ANALYZER_NUMBER_OBJECT_CONVERSION = YES_AGGRESSIVE;
				CLANG_CXX_LANGUAGE_STANDARD = "gnu++14";
				CLANG_CXX_LIBRARY = "libc++";
				CLANG_ENABLE_MODULES = YES;
				CLANG_ENABLE_OBJC_ARC = YES;
				CLANG_ENABLE_OBJC_WEAK = YES;
				CLANG_WARN_BLOCK_CAPTURE_AUTORELEASING = YES;
				CLANG_WARN_BOOL_CONVERSION = YES;
				CLANG_WARN_COMMA = YES;
				CLANG_WARN_CONSTANT_CONVERSION = YES;
				CLANG_WARN_DEPRECATED_OBJC_IMPLEMENTATIONS = YES;
				CLANG_WARN_DIRECT_OBJC_ISA_USAGE = YES_ERROR;
				CLANG_WARN_DOCUMENTATION_COMMENTS = YES;
				CLANG_WARN_EMPTY_BODY = YES;
				CLANG_WARN_ENUM_CONVERSION = YES;
				CLANG_WARN_INFINITE_RECURSION = YES;
				CLANG_WARN_INT_CONVERSION = YES;
				CLANG_WARN_NON_LITERAL_NULL_CONVERSION = YES;
				CLANG_WARN_OBJC_IMPLICIT_RETAIN_SELF = YES;
				CLANG_WARN_OBJC_LITERAL_CONVERSION = YES;
				CLANG_WARN_OBJC_ROOT_CLASS = YES_ERROR;
				CLANG_WARN_RANGE_LOOP_ANALYSIS = YES;
				CLANG_WARN_STRICT_PROTOTYPES = YES;
				CLANG_WARN_SUSPICIOUS_MOVE = YES;
				CLANG_WARN_UNGUARDED_AVAILABILITY = YES_AGGRESSIVE;
				CLANG_WARN_UNREACHABLE_CODE = YES;
				CLANG_WARN__DUPLICATE_METHOD_MATCH = YES;
				COPY_PHASE_STRIP = NO;
				DEBUG_INFORMATION_FORMAT = "dwarf-with-dsym";
				ENABLE_NS_ASSERTIONS = NO;
				ENABLE_STRICT_OBJC_MSGSEND = YES;
				GCC_C_LANGUAGE_STANDARD = gnu11;
				GCC_NO_COMMON_BLOCKS = YES;
				GCC_WARN_64_TO_32_BIT_CONVERSION = YES;
				GCC_WARN_ABOUT_RETURN_TYPE = YES_ERROR;
				GCC_WARN_UNDECLARED_SELECTOR = YES;
				GCC_WARN_UNINITIALIZED_AUTOS = YES_AGGRESSIVE;
				GCC_WARN_UNUSED_FUNCTION = YES;
				GCC_WARN_UNUSED_VARIABLE = YES;
				IPHONEOS_DEPLOYMENT_TARGET = 13.5;
				MTL_ENABLE_DEBUG_INFO = NO;
				MTL_FAST_MATH = YES;
				SDKROOT = iphoneos;
				SWIFT_COMPILATION_MODE = wholemodule;
				SWIFT_OPTIMIZATION_LEVEL = "-O";
				VALIDATE_PRODUCT = YES;
			};
			name = Release;
		};
		0CE7ACDF24AA2C520082B090 /* Debug */ = {
			isa = XCBuildConfiguration;
			baseConfigurationReference = 32773487B392DBB01997F35F /* Pods-SpriteKitFirst.debug.xcconfig */;
			buildSettings = {
				ASSETCATALOG_COMPILER_APPICON_NAME = AppIcon;
				CODE_SIGN_STYLE = Automatic;
				DEVELOPMENT_TEAM = CUV8S5W7Y3;
				INFOPLIST_FILE = SpriteKitFirst/Info.plist;
				LD_RUNPATH_SEARCH_PATHS = (
					"$(inherited)",
					"@executable_path/Frameworks",
				);
				PRODUCT_BUNDLE_IDENTIFIER = "ru.island-1-2-3-4.SpriteKitFirst";
				PRODUCT_NAME = "$(TARGET_NAME)";
				SWIFT_VERSION = 5.0;
				TARGETED_DEVICE_FAMILY = "1,2";
			};
			name = Debug;
		};
		0CE7ACE024AA2C520082B090 /* Release */ = {
			isa = XCBuildConfiguration;
			baseConfigurationReference = 8CEB66B5B7A78092E1C30C2F /* Pods-SpriteKitFirst.release.xcconfig */;
			buildSettings = {
				ASSETCATALOG_COMPILER_APPICON_NAME = AppIcon;
				CODE_SIGN_STYLE = Automatic;
				DEVELOPMENT_TEAM = CUV8S5W7Y3;
				INFOPLIST_FILE = SpriteKitFirst/Info.plist;
				LD_RUNPATH_SEARCH_PATHS = (
					"$(inherited)",
					"@executable_path/Frameworks",
				);
				PRODUCT_BUNDLE_IDENTIFIER = "ru.island-1-2-3-4.SpriteKitFirst";
				PRODUCT_NAME = "$(TARGET_NAME)";
				SWIFT_VERSION = 5.0;
				TARGETED_DEVICE_FAMILY = "1,2";
			};
			name = Release;
		};
/* End XCBuildConfiguration section */

/* Begin XCConfigurationList section */
		0CE7ACC124AA2C4F0082B090 /* Build configuration list for PBXProject "SpriteKitFirst" */ = {
			isa = XCConfigurationList;
			buildConfigurations = (
				0CE7ACDC24AA2C520082B090 /* Debug */,
				0CE7ACDD24AA2C520082B090 /* Release */,
			);
			defaultConfigurationIsVisible = 0;
			defaultConfigurationName = Release;
		};
		0CE7ACDE24AA2C520082B090 /* Build configuration list for PBXNativeTarget "SpriteKitFirst" */ = {
			isa = XCConfigurationList;
			buildConfigurations = (
				0CE7ACDF24AA2C520082B090 /* Debug */,
				0CE7ACE024AA2C520082B090 /* Release */,
			);
			defaultConfigurationIsVisible = 0;
			defaultConfigurationName = Release;
		};
/* End XCConfigurationList section */
	};
	rootObject = 0CE7ACBE24AA2C4F0082B090 /* Project object */;
}
